
Microsoft Visual Studio Solution File, Format Version 12.00
# Visual Studio Version 16
VisualStudioVersion = 16.0.31515.178
MinimumVisualStudioVersion = 10.0.40219.1
Project("{FAE04EC0-301F-11D3-BF4B-00C04F79EFBC}") = "SalesWebMvc", "SalesWebMvc\SalesWebMvc.csproj", "{7073B896-23FE-40A7-AEAD-EF24FD6C3383}"
EndProject
Global
	GlobalSection(SolutionConfigurationPlatforms) = preSolution
		Debug|Any CPU = Debug|Any CPU
		Release|Any CPU = Release|Any CPU
	EndGlobalSection
	GlobalSection(ProjectConfigurationPlatforms) = postSolution
		{7073B896-23FE-40A7-AEAD-EF24FD6C3383}.Debug|Any CPU.ActiveCfg = Debug|Any CPU
		{7073B896-23FE-40A7-AEAD-EF24FD6C3383}.Debug|Any CPU.Build.0 = Debug|Any CPU
		{7073B896-23FE-40A7-AEAD-EF24FD6C3383}.Release|Any CPU.ActiveCfg = Release|Any CPU
		{7073B896-23FE-40A7-AEAD-EF24FD6C3383}.Release|Any CPU.Build.0 = Release|Any CPU
	EndGlobalSection
	GlobalSection(SolutionProperties) = preSolution
		HideSolutionNode = FALSE
	EndGlobalSection
	GlobalSection(ExtensibilityGlobals) = postSolution
		SolutionGuid = {FD7D05D3-5AE2-46D3-98D9-735ACE562A2A}
	EndGlobalSection
EndGlobal
